// !$*UTF8*$!
{
	archiveVersion = 1;
	classes = {
	};
	objectVersion = 56;
	objects = {

/* Begin PBXBuildFile section */
		903264962A60D71D00AC3E86 /* Dieary_iOSApp.swift in Sources */ = {isa = PBXBuildFile; fileRef = 903264952A60D71D00AC3E86 /* Dieary_iOSApp.swift */; };
		9032649A2A60D71E00AC3E86 /* Assets.xcassets in Resources */ = {isa = PBXBuildFile; fileRef = 903264992A60D71E00AC3E86 /* Assets.xcassets */; };
		9032649D2A60D71E00AC3E86 /* Preview Assets.xcassets in Resources */ = {isa = PBXBuildFile; fileRef = 9032649C2A60D71E00AC3E86 /* Preview Assets.xcassets */; };
		903264A62A61AD1200AC3E86 /* Colors.swift in Sources */ = {isa = PBXBuildFile; fileRef = 903264A52A61AD1200AC3E86 /* Colors.swift */; };
		903264A82A62F6A800AC3E86 /* Images.swift in Sources */ = {isa = PBXBuildFile; fileRef = 903264A72A62F6A800AC3E86 /* Images.swift */; };
		903264C82A62FA1200AC3E86 /* Pretendard-Thin.otf in Resources */ = {isa = PBXBuildFile; fileRef = 903264BF2A62FA1100AC3E86 /* Pretendard-Thin.otf */; };
		903264C92A62FA1200AC3E86 /* Pretendard-Light.otf in Resources */ = {isa = PBXBuildFile; fileRef = 903264C02A62FA1100AC3E86 /* Pretendard-Light.otf */; };
		903264CA2A62FA1200AC3E86 /* Pretendard-Black.otf in Resources */ = {isa = PBXBuildFile; fileRef = 903264C12A62FA1100AC3E86 /* Pretendard-Black.otf */; };
		903264CB2A62FA1200AC3E86 /* Pretendard-Regular.otf in Resources */ = {isa = PBXBuildFile; fileRef = 903264C22A62FA1100AC3E86 /* Pretendard-Regular.otf */; };
		903264CC2A62FA1200AC3E86 /* Pretendard-ExtraBold.otf in Resources */ = {isa = PBXBuildFile; fileRef = 903264C32A62FA1100AC3E86 /* Pretendard-ExtraBold.otf */; };
		903264CD2A62FA1200AC3E86 /* Pretendard-SemiBold.otf in Resources */ = {isa = PBXBuildFile; fileRef = 903264C42A62FA1100AC3E86 /* Pretendard-SemiBold.otf */; };
		903264CE2A62FA1200AC3E86 /* Pretendard-Bold.otf in Resources */ = {isa = PBXBuildFile; fileRef = 903264C52A62FA1200AC3E86 /* Pretendard-Bold.otf */; };
		903264CF2A62FA1200AC3E86 /* Pretendard-ExtraLight.otf in Resources */ = {isa = PBXBuildFile; fileRef = 903264C62A62FA1200AC3E86 /* Pretendard-ExtraLight.otf */; };
		903264D02A62FA1200AC3E86 /* Pretendard-Medium.otf in Resources */ = {isa = PBXBuildFile; fileRef = 903264C72A62FA1200AC3E86 /* Pretendard-Medium.otf */; };
		903264D22A62FA3300AC3E86 /* LockView.swift in Sources */ = {isa = PBXBuildFile; fileRef = 903264D12A62FA3300AC3E86 /* LockView.swift */; };
		903264D52A62FBDC00AC3E86 /* DiearyFontStyle.swift in Sources */ = {isa = PBXBuildFile; fileRef = 903264D42A62FBDC00AC3E86 /* DiearyFontStyle.swift */; };
		903264D72A62FC3100AC3E86 /* DiearyFont.swift in Sources */ = {isa = PBXBuildFile; fileRef = 903264D62A62FC3100AC3E86 /* DiearyFont.swift */; };
		903264DC2A63085D00AC3E86 /* View+diearyBackground.swift in Sources */ = {isa = PBXBuildFile; fileRef = 903264DB2A63085D00AC3E86 /* View+diearyBackground.swift */; };
		903264DE2A630CD500AC3E86 /* LockViewModel.swift in Sources */ = {isa = PBXBuildFile; fileRef = 903264DD2A630CD500AC3E86 /* LockViewModel.swift */; };
		903264E02A6311B800AC3E86 /* View+navigate.swift in Sources */ = {isa = PBXBuildFile; fileRef = 903264DF2A6311B800AC3E86 /* View+navigate.swift */; };
		903264E32A63124600AC3E86 /* HomeView.swift in Sources */ = {isa = PBXBuildFile; fileRef = 903264E22A63124600AC3E86 /* HomeView.swift */; };
		903264E52A63125100AC3E86 /* HomeViewModel.swift in Sources */ = {isa = PBXBuildFile; fileRef = 903264E42A63125100AC3E86 /* HomeViewModel.swift */; };
		906603042A642719009DFB3D /* View+purpleGradient.swift in Sources */ = {isa = PBXBuildFile; fileRef = 906603032A642719009DFB3D /* View+purpleGradient.swift */; };
		906603092A64FEFA009DFB3D /* DiearyButton.swift in Sources */ = {isa = PBXBuildFile; fileRef = 906603082A64FEFA009DFB3D /* DiearyButton.swift */; };
		9066030B2A650248009DFB3D /* DiearyButtonStyle.swift in Sources */ = {isa = PBXBuildFile; fileRef = 9066030A2A650248009DFB3D /* DiearyButtonStyle.swift */; };
		9066030E2A650681009DFB3D /* View+backButton.swift in Sources */ = {isa = PBXBuildFile; fileRef = 9066030D2A650681009DFB3D /* View+backButton.swift */; };
		906603112A6506DB009DFB3D /* EmotionSelectionView.swift in Sources */ = {isa = PBXBuildFile; fileRef = 906603102A6506DB009DFB3D /* EmotionSelectionView.swift */; };
		906603132A6506E4009DFB3D /* EmotionSelectionViewModel.swift in Sources */ = {isa = PBXBuildFile; fileRef = 906603122A6506E4009DFB3D /* EmotionSelectionViewModel.swift */; };
		906603152A650AFE009DFB3D /* EmotionType.swift in Sources */ = {isa = PBXBuildFile; fileRef = 906603142A650AFE009DFB3D /* EmotionType.swift */; };
		9066032B2A652363009DFB3D /* WriteView.swift in Sources */ = {isa = PBXBuildFile; fileRef = 9066032A2A652363009DFB3D /* WriteView.swift */; };
		9066032D2A652368009DFB3D /* WriteViewModel.swift in Sources */ = {isa = PBXBuildFile; fileRef = 9066032C2A652368009DFB3D /* WriteViewModel.swift */; };
		9066032F2A652597009DFB3D /* DiearyTextField.swift in Sources */ = {isa = PBXBuildFile; fileRef = 9066032E2A652597009DFB3D /* DiearyTextField.swift */; };
		906603312A652812009DFB3D /* DiearyTextEditor.swift in Sources */ = {isa = PBXBuildFile; fileRef = 906603302A652812009DFB3D /* DiearyTextEditor.swift */; };
		906603362A657C63009DFB3D /* CompleteView.swift in Sources */ = {isa = PBXBuildFile; fileRef = 906603352A657C63009DFB3D /* CompleteView.swift */; };
		9066033D2A67D43E009DFB3D /* CompleteViewModel.swift in Sources */ = {isa = PBXBuildFile; fileRef = 9066033C2A67D43E009DFB3D /* CompleteViewModel.swift */; };
		9066033F2A6954AB009DFB3D /* View+dismissButton.swift in Sources */ = {isa = PBXBuildFile; fileRef = 9066033E2A6954AB009DFB3D /* View+dismissButton.swift */; };
		906603422A695551009DFB3D /* RootPresentationMode.swift in Sources */ = {isa = PBXBuildFile; fileRef = 906603412A695551009DFB3D /* RootPresentationMode.swift */; };
/* End PBXBuildFile section */

/* Begin PBXFileReference section */
		903264922A60D71D00AC3E86 /* Dieary-iOS.app */ = {isa = PBXFileReference; explicitFileType = wrapper.application; includeInIndex = 0; path = "Dieary-iOS.app"; sourceTree = BUILT_PRODUCTS_DIR; };
		903264952A60D71D00AC3E86 /* Dieary_iOSApp.swift */ = {isa = PBXFileReference; lastKnownFileType = sourcecode.swift; path = Dieary_iOSApp.swift; sourceTree = "<group>"; };
		903264992A60D71E00AC3E86 /* Assets.xcassets */ = {isa = PBXFileReference; lastKnownFileType = folder.assetcatalog; path = Assets.xcassets; sourceTree = "<group>"; };
		9032649C2A60D71E00AC3E86 /* Preview Assets.xcassets */ = {isa = PBXFileReference; lastKnownFileType = folder.assetcatalog; path = "Preview Assets.xcassets"; sourceTree = "<group>"; };
		903264A52A61AD1200AC3E86 /* Colors.swift */ = {isa = PBXFileReference; lastKnownFileType = sourcecode.swift; path = Colors.swift; sourceTree = "<group>"; };
		903264A72A62F6A800AC3E86 /* Images.swift */ = {isa = PBXFileReference; lastKnownFileType = sourcecode.swift; path = Images.swift; sourceTree = "<group>"; };
		903264BF2A62FA1100AC3E86 /* Pretendard-Thin.otf */ = {isa = PBXFileReference; lastKnownFileType = file; path = "Pretendard-Thin.otf"; sourceTree = "<group>"; };
		903264C02A62FA1100AC3E86 /* Pretendard-Light.otf */ = {isa = PBXFileReference; lastKnownFileType = file; path = "Pretendard-Light.otf"; sourceTree = "<group>"; };
		903264C12A62FA1100AC3E86 /* Pretendard-Black.otf */ = {isa = PBXFileReference; lastKnownFileType = file; path = "Pretendard-Black.otf"; sourceTree = "<group>"; };
		903264C22A62FA1100AC3E86 /* Pretendard-Regular.otf */ = {isa = PBXFileReference; lastKnownFileType = file; path = "Pretendard-Regular.otf"; sourceTree = "<group>"; };
		903264C32A62FA1100AC3E86 /* Pretendard-ExtraBold.otf */ = {isa = PBXFileReference; lastKnownFileType = file; path = "Pretendard-ExtraBold.otf"; sourceTree = "<group>"; };
		903264C42A62FA1100AC3E86 /* Pretendard-SemiBold.otf */ = {isa = PBXFileReference; lastKnownFileType = file; path = "Pretendard-SemiBold.otf"; sourceTree = "<group>"; };
		903264C52A62FA1200AC3E86 /* Pretendard-Bold.otf */ = {isa = PBXFileReference; lastKnownFileType = file; path = "Pretendard-Bold.otf"; sourceTree = "<group>"; };
		903264C62A62FA1200AC3E86 /* Pretendard-ExtraLight.otf */ = {isa = PBXFileReference; lastKnownFileType = file; path = "Pretendard-ExtraLight.otf"; sourceTree = "<group>"; };
		903264C72A62FA1200AC3E86 /* Pretendard-Medium.otf */ = {isa = PBXFileReference; lastKnownFileType = file; path = "Pretendard-Medium.otf"; sourceTree = "<group>"; };
		903264D12A62FA3300AC3E86 /* LockView.swift */ = {isa = PBXFileReference; lastKnownFileType = sourcecode.swift; path = LockView.swift; sourceTree = "<group>"; };
		903264D32A62FA7300AC3E86 /* Info.plist */ = {isa = PBXFileReference; lastKnownFileType = text.plist; path = Info.plist; sourceTree = "<group>"; };
		903264D42A62FBDC00AC3E86 /* DiearyFontStyle.swift */ = {isa = PBXFileReference; lastKnownFileType = sourcecode.swift; path = DiearyFontStyle.swift; sourceTree = "<group>"; };
		903264D62A62FC3100AC3E86 /* DiearyFont.swift */ = {isa = PBXFileReference; lastKnownFileType = sourcecode.swift; path = DiearyFont.swift; sourceTree = "<group>"; };
		903264DB2A63085D00AC3E86 /* View+diearyBackground.swift */ = {isa = PBXFileReference; lastKnownFileType = sourcecode.swift; path = "View+diearyBackground.swift"; sourceTree = "<group>"; };
		903264DD2A630CD500AC3E86 /* LockViewModel.swift */ = {isa = PBXFileReference; lastKnownFileType = sourcecode.swift; path = LockViewModel.swift; sourceTree = "<group>"; };
		903264DF2A6311B800AC3E86 /* View+navigate.swift */ = {isa = PBXFileReference; lastKnownFileType = sourcecode.swift; path = "View+navigate.swift"; sourceTree = "<group>"; };
		903264E22A63124600AC3E86 /* HomeView.swift */ = {isa = PBXFileReference; lastKnownFileType = sourcecode.swift; path = HomeView.swift; sourceTree = "<group>"; };
		903264E42A63125100AC3E86 /* HomeViewModel.swift */ = {isa = PBXFileReference; lastKnownFileType = sourcecode.swift; path = HomeViewModel.swift; sourceTree = "<group>"; };
		906603032A642719009DFB3D /* View+purpleGradient.swift */ = {isa = PBXFileReference; lastKnownFileType = sourcecode.swift; path = "View+purpleGradient.swift"; sourceTree = "<group>"; };
		906603082A64FEFA009DFB3D /* DiearyButton.swift */ = {isa = PBXFileReference; lastKnownFileType = sourcecode.swift; path = DiearyButton.swift; sourceTree = "<group>"; };
		9066030A2A650248009DFB3D /* DiearyButtonStyle.swift */ = {isa = PBXFileReference; lastKnownFileType = sourcecode.swift; path = DiearyButtonStyle.swift; sourceTree = "<group>"; };
		9066030D2A650681009DFB3D /* View+backButton.swift */ = {isa = PBXFileReference; lastKnownFileType = sourcecode.swift; path = "View+backButton.swift"; sourceTree = "<group>"; };
		906603102A6506DB009DFB3D /* EmotionSelectionView.swift */ = {isa = PBXFileReference; lastKnownFileType = sourcecode.swift; path = EmotionSelectionView.swift; sourceTree = "<group>"; };
		906603122A6506E4009DFB3D /* EmotionSelectionViewModel.swift */ = {isa = PBXFileReference; lastKnownFileType = sourcecode.swift; path = EmotionSelectionViewModel.swift; sourceTree = "<group>"; };
		906603142A650AFE009DFB3D /* EmotionType.swift */ = {isa = PBXFileReference; lastKnownFileType = sourcecode.swift; path = EmotionType.swift; sourceTree = "<group>"; };
		9066032A2A652363009DFB3D /* WriteView.swift */ = {isa = PBXFileReference; lastKnownFileType = sourcecode.swift; path = WriteView.swift; sourceTree = "<group>"; };
		9066032C2A652368009DFB3D /* WriteViewModel.swift */ = {isa = PBXFileReference; lastKnownFileType = sourcecode.swift; path = WriteViewModel.swift; sourceTree = "<group>"; };
		9066032E2A652597009DFB3D /* DiearyTextField.swift */ = {isa = PBXFileReference; lastKnownFileType = sourcecode.swift; path = DiearyTextField.swift; sourceTree = "<group>"; };
		906603302A652812009DFB3D /* DiearyTextEditor.swift */ = {isa = PBXFileReference; lastKnownFileType = sourcecode.swift; path = DiearyTextEditor.swift; sourceTree = "<group>"; };
		906603352A657C63009DFB3D /* CompleteView.swift */ = {isa = PBXFileReference; lastKnownFileType = sourcecode.swift; path = CompleteView.swift; sourceTree = "<group>"; };
		9066033C2A67D43E009DFB3D /* CompleteViewModel.swift */ = {isa = PBXFileReference; lastKnownFileType = sourcecode.swift; path = CompleteViewModel.swift; sourceTree = "<group>"; };
		9066033E2A6954AB009DFB3D /* View+dismissButton.swift */ = {isa = PBXFileReference; lastKnownFileType = sourcecode.swift; path = "View+dismissButton.swift"; sourceTree = "<group>"; };
		906603412A695551009DFB3D /* RootPresentationMode.swift */ = {isa = PBXFileReference; lastKnownFileType = sourcecode.swift; path = RootPresentationMode.swift; sourceTree = "<group>"; };
/* End PBXFileReference section */

/* Begin PBXFrameworksBuildPhase section */
		9032648F2A60D71D00AC3E86 /* Frameworks */ = {
			isa = PBXFrameworksBuildPhase;
			buildActionMask = 2147483647;
			files = (
			);
			runOnlyForDeploymentPostprocessing = 0;
		};
/* End PBXFrameworksBuildPhase section */

/* Begin PBXGroup section */
		903264892A60D71D00AC3E86 = {
			isa = PBXGroup;
			children = (
				903264942A60D71D00AC3E86 /* Dieary-iOS */,
				903264932A60D71D00AC3E86 /* Products */,
			);
			sourceTree = "<group>";
		};
		903264932A60D71D00AC3E86 /* Products */ = {
			isa = PBXGroup;
			children = (
				903264922A60D71D00AC3E86 /* Dieary-iOS.app */,
			);
			name = Products;
			sourceTree = "<group>";
		};
		903264942A60D71D00AC3E86 /* Dieary-iOS */ = {
			isa = PBXGroup;
			children = (
				903264D32A62FA7300AC3E86 /* Info.plist */,
				903264A42A61A74B00AC3E86 /* Sources */,
				903264A32A61A73700AC3E86 /* Resources */,
			);
			path = "Dieary-iOS";
			sourceTree = "<group>";
		};
		9032649B2A60D71E00AC3E86 /* Preview Content */ = {
			isa = PBXGroup;
			children = (
				9032649C2A60D71E00AC3E86 /* Preview Assets.xcassets */,
			);
			path = "Preview Content";
			sourceTree = "<group>";
		};
		903264A32A61A73700AC3E86 /* Resources */ = {
			isa = PBXGroup;
			children = (
				903264AC2A62F9C900AC3E86 /* Font */,
				903264992A60D71E00AC3E86 /* Assets.xcassets */,
				9032649B2A60D71E00AC3E86 /* Preview Content */,
			);
			path = Resources;
			sourceTree = "<group>";
		};
		903264A42A61A74B00AC3E86 /* Sources */ = {
			isa = PBXGroup;
			children = (
				906603402A69553C009DFB3D /* Environment */,
				9066030C2A6504CF009DFB3D /* Components */,
				906603012A64257E009DFB3D /* ResoucesCode */,
				903264DA2A63084E00AC3E86 /* Extension */,
				903264AA2A62F81900AC3E86 /* Scene */,
				903264A92A62F7F800AC3E86 /* Appliaction */,
			);
			path = Sources;
			sourceTree = "<group>";
		};
		903264A92A62F7F800AC3E86 /* Appliaction */ = {
			isa = PBXGroup;
			children = (
				903264952A60D71D00AC3E86 /* Dieary_iOSApp.swift */,
			);
			path = Appliaction;
			sourceTree = "<group>";
		};
		903264AA2A62F81900AC3E86 /* Scene */ = {
			isa = PBXGroup;
			children = (
				906603322A657C4B009DFB3D /* Complete */,
				906603292A652358009DFB3D /* Write */,
				9066030F2A6506AD009DFB3D /* EmotionSelection */,
				903264E12A63123900AC3E86 /* Home */,
				903264AB2A62F87B00AC3E86 /* Lock */,
			);
			path = Scene;
			sourceTree = "<group>";
		};
		903264AB2A62F87B00AC3E86 /* Lock */ = {
			isa = PBXGroup;
			children = (
				903264D12A62FA3300AC3E86 /* LockView.swift */,
				903264DD2A630CD500AC3E86 /* LockViewModel.swift */,
			);
			path = Lock;
			sourceTree = "<group>";
		};
		903264AC2A62F9C900AC3E86 /* Font */ = {
			isa = PBXGroup;
			children = (
				903264C12A62FA1100AC3E86 /* Pretendard-Black.otf */,
				903264C52A62FA1200AC3E86 /* Pretendard-Bold.otf */,
				903264C32A62FA1100AC3E86 /* Pretendard-ExtraBold.otf */,
				903264C62A62FA1200AC3E86 /* Pretendard-ExtraLight.otf */,
				903264C02A62FA1100AC3E86 /* Pretendard-Light.otf */,
				903264C72A62FA1200AC3E86 /* Pretendard-Medium.otf */,
				903264C22A62FA1100AC3E86 /* Pretendard-Regular.otf */,
				903264C42A62FA1100AC3E86 /* Pretendard-SemiBold.otf */,
				903264BF2A62FA1100AC3E86 /* Pretendard-Thin.otf */,
			);
			path = Font;
			sourceTree = "<group>";
		};
		903264DA2A63084E00AC3E86 /* Extension */ = {
			isa = PBXGroup;
			children = (
				903264DB2A63085D00AC3E86 /* View+diearyBackground.swift */,
				903264DF2A6311B800AC3E86 /* View+navigate.swift */,
				906603032A642719009DFB3D /* View+purpleGradient.swift */,
				9066030D2A650681009DFB3D /* View+backButton.swift */,
				9066033E2A6954AB009DFB3D /* View+dismissButton.swift */,
			);
			path = Extension;
			sourceTree = "<group>";
		};
		903264E12A63123900AC3E86 /* Home */ = {
			isa = PBXGroup;
			children = (
				903264E22A63124600AC3E86 /* HomeView.swift */,
				903264E42A63125100AC3E86 /* HomeViewModel.swift */,
			);
			path = Home;
			sourceTree = "<group>";
		};
		906603012A64257E009DFB3D /* ResoucesCode */ = {
			isa = PBXGroup;
			children = (
				903264A52A61AD1200AC3E86 /* Colors.swift */,
				903264A72A62F6A800AC3E86 /* Images.swift */,
				903264D62A62FC3100AC3E86 /* DiearyFont.swift */,
				903264D42A62FBDC00AC3E86 /* DiearyFontStyle.swift */,
			);
			path = ResoucesCode;
			sourceTree = "<group>";
		};
		9066030C2A6504CF009DFB3D /* Components */ = {
			isa = PBXGroup;
			children = (
				906603082A64FEFA009DFB3D /* DiearyButton.swift */,
				9066030A2A650248009DFB3D /* DiearyButtonStyle.swift */,
				9066032E2A652597009DFB3D /* DiearyTextField.swift */,
				906603302A652812009DFB3D /* DiearyTextEditor.swift */,
			);
			path = Components;
			sourceTree = "<group>";
		};
		9066030F2A6506AD009DFB3D /* EmotionSelection */ = {
			isa = PBXGroup;
			children = (
				906603142A650AFE009DFB3D /* EmotionType.swift */,
				906603102A6506DB009DFB3D /* EmotionSelectionView.swift */,
				906603122A6506E4009DFB3D /* EmotionSelectionViewModel.swift */,
			);
			path = EmotionSelection;
			sourceTree = "<group>";
		};
		906603292A652358009DFB3D /* Write */ = {
			isa = PBXGroup;
			children = (
				9066032A2A652363009DFB3D /* WriteView.swift */,
				9066032C2A652368009DFB3D /* WriteViewModel.swift */,
			);
			path = Write;
			sourceTree = "<group>";
		};
		906603322A657C4B009DFB3D /* Complete */ = {
			isa = PBXGroup;
			children = (
				906603352A657C63009DFB3D /* CompleteView.swift */,
				9066033C2A67D43E009DFB3D /* CompleteViewModel.swift */,
			);
			path = Complete;
			sourceTree = "<group>";
		};
		906603402A69553C009DFB3D /* Environment */ = {
			isa = PBXGroup;
			children = (
				906603412A695551009DFB3D /* RootPresentationMode.swift */,
			);
			path = Environment;
			sourceTree = "<group>";
		};
/* End PBXGroup section */

/* Begin PBXNativeTarget section */
		903264912A60D71D00AC3E86 /* Dieary-iOS */ = {
			isa = PBXNativeTarget;
			buildConfigurationList = 903264A02A60D71E00AC3E86 /* Build configuration list for PBXNativeTarget "Dieary-iOS" */;
			buildPhases = (
				9032648E2A60D71D00AC3E86 /* Sources */,
				9032648F2A60D71D00AC3E86 /* Frameworks */,
				903264902A60D71D00AC3E86 /* Resources */,
			);
			buildRules = (
			);
			dependencies = (
			);
			name = "Dieary-iOS";
			productName = "Dieary-iOS";
			productReference = 903264922A60D71D00AC3E86 /* Dieary-iOS.app */;
			productType = "com.apple.product-type.application";
		};
/* End PBXNativeTarget section */

/* Begin PBXProject section */
		9032648A2A60D71D00AC3E86 /* Project object */ = {
			isa = PBXProject;
			attributes = {
				BuildIndependentTargetsInParallel = 1;
				LastSwiftUpdateCheck = 1430;
				LastUpgradeCheck = 1430;
				TargetAttributes = {
					903264912A60D71D00AC3E86 = {
						CreatedOnToolsVersion = 14.3.1;
					};
				};
			};
			buildConfigurationList = 9032648D2A60D71D00AC3E86 /* Build configuration list for PBXProject "Dieary-iOS" */;
			compatibilityVersion = "Xcode 14.0";
			developmentRegion = en;
			hasScannedForEncodings = 0;
			knownRegions = (
				en,
				Base,
			);
			mainGroup = 903264892A60D71D00AC3E86;
			productRefGroup = 903264932A60D71D00AC3E86 /* Products */;
			projectDirPath = "";
			projectRoot = "";
			targets = (
				903264912A60D71D00AC3E86 /* Dieary-iOS */,
			);
		};
/* End PBXProject section */

/* Begin PBXResourcesBuildPhase section */
		903264902A60D71D00AC3E86 /* Resources */ = {
			isa = PBXResourcesBuildPhase;
			buildActionMask = 2147483647;
			files = (
				903264C82A62FA1200AC3E86 /* Pretendard-Thin.otf in Resources */,
				903264CB2A62FA1200AC3E86 /* Pretendard-Regular.otf in Resources */,
				903264CF2A62FA1200AC3E86 /* Pretendard-ExtraLight.otf in Resources */,
				903264CC2A62FA1200AC3E86 /* Pretendard-ExtraBold.otf in Resources */,
				903264CD2A62FA1200AC3E86 /* Pretendard-SemiBold.otf in Resources */,
				903264C92A62FA1200AC3E86 /* Pretendard-Light.otf in Resources */,
				9032649D2A60D71E00AC3E86 /* Preview Assets.xcassets in Resources */,
				9032649A2A60D71E00AC3E86 /* Assets.xcassets in Resources */,
				903264CE2A62FA1200AC3E86 /* Pretendard-Bold.otf in Resources */,
				903264CA2A62FA1200AC3E86 /* Pretendard-Black.otf in Resources */,
				903264D02A62FA1200AC3E86 /* Pretendard-Medium.otf in Resources */,
			);
			runOnlyForDeploymentPostprocessing = 0;
		};
/* End PBXResourcesBuildPhase section */

/* Begin PBXSourcesBuildPhase section */
		9032648E2A60D71D00AC3E86 /* Sources */ = {
			isa = PBXSourcesBuildPhase;
			buildActionMask = 2147483647;
			files = (
				906603422A695551009DFB3D /* RootPresentationMode.swift in Sources */,
				903264DC2A63085D00AC3E86 /* View+diearyBackground.swift in Sources */,
				906603132A6506E4009DFB3D /* EmotionSelectionViewModel.swift in Sources */,
				9066032B2A652363009DFB3D /* WriteView.swift in Sources */,
				906603112A6506DB009DFB3D /* EmotionSelectionView.swift in Sources */,
				903264E52A63125100AC3E86 /* HomeViewModel.swift in Sources */,
				9066032F2A652597009DFB3D /* DiearyTextField.swift in Sources */,
				906603362A657C63009DFB3D /* CompleteView.swift in Sources */,
				9066030E2A650681009DFB3D /* View+backButton.swift in Sources */,
				9066032D2A652368009DFB3D /* WriteViewModel.swift in Sources */,
				903264A82A62F6A800AC3E86 /* Images.swift in Sources */,
				9066033F2A6954AB009DFB3D /* View+dismissButton.swift in Sources */,
				903264D22A62FA3300AC3E86 /* LockView.swift in Sources */,
				903264E32A63124600AC3E86 /* HomeView.swift in Sources */,
				903264DE2A630CD500AC3E86 /* LockViewModel.swift in Sources */,
				903264D52A62FBDC00AC3E86 /* DiearyFontStyle.swift in Sources */,
				903264E02A6311B800AC3E86 /* View+navigate.swift in Sources */,
				9066033D2A67D43E009DFB3D /* CompleteViewModel.swift in Sources */,
				906603042A642719009DFB3D /* View+purpleGradient.swift in Sources */,
				9066030B2A650248009DFB3D /* DiearyButtonStyle.swift in Sources */,
				906603152A650AFE009DFB3D /* EmotionType.swift in Sources */,
				903264A62A61AD1200AC3E86 /* Colors.swift in Sources */,
				903264D72A62FC3100AC3E86 /* DiearyFont.swift in Sources */,
				906603312A652812009DFB3D /* DiearyTextEditor.swift in Sources */,
				903264962A60D71D00AC3E86 /* Dieary_iOSApp.swift in Sources */,
				906603092A64FEFA009DFB3D /* DiearyButton.swift in Sources */,
			);
			runOnlyForDeploymentPostprocessing = 0;
		};
/* End PBXSourcesBuildPhase section */

/* Begin XCBuildConfiguration section */
		9032649E2A60D71E00AC3E86 /* Debug */ = {
			isa = XCBuildConfiguration;
			buildSettings = {
				ALWAYS_SEARCH_USER_PATHS = NO;
				CLANG_ANALYZER_NONNULL = YES;
				CLANG_ANALYZER_NUMBER_OBJECT_CONVERSION = YES_AGGRESSIVE;
				CLANG_CXX_LANGUAGE_STANDARD = "gnu++20";
				CLANG_ENABLE_MODULES = YES;
				CLANG_ENABLE_OBJC_ARC = YES;
				CLANG_ENABLE_OBJC_WEAK = YES;
				CLANG_WARN_BLOCK_CAPTURE_AUTORELEASING = YES;
				CLANG_WARN_BOOL_CONVERSION = YES;
				CLANG_WARN_COMMA = YES;
				CLANG_WARN_CONSTANT_CONVERSION = YES;
				CLANG_WARN_DEPRECATED_OBJC_IMPLEMENTATIONS = YES;
				CLANG_WARN_DIRECT_OBJC_ISA_USAGE = YES_ERROR;
				CLANG_WARN_DOCUMENTATION_COMMENTS = YES;
				CLANG_WARN_EMPTY_BODY = YES;
				CLANG_WARN_ENUM_CONVERSION = YES;
				CLANG_WARN_INFINITE_RECURSION = YES;
				CLANG_WARN_INT_CONVERSION = YES;
				CLANG_WARN_NON_LITERAL_NULL_CONVERSION = YES;
				CLANG_WARN_OBJC_IMPLICIT_RETAIN_SELF = YES;
				CLANG_WARN_OBJC_LITERAL_CONVERSION = YES;
				CLANG_WARN_OBJC_ROOT_CLASS = YES_ERROR;
				CLANG_WARN_QUOTED_INCLUDE_IN_FRAMEWORK_HEADER = YES;
				CLANG_WARN_RANGE_LOOP_ANALYSIS = YES;
				CLANG_WARN_STRICT_PROTOTYPES = YES;
				CLANG_WARN_SUSPICIOUS_MOVE = YES;
				CLANG_WARN_UNGUARDED_AVAILABILITY = YES_AGGRESSIVE;
				CLANG_WARN_UNREACHABLE_CODE = YES;
				CLANG_WARN__DUPLICATE_METHOD_MATCH = YES;
				COPY_PHASE_STRIP = NO;
				DEBUG_INFORMATION_FORMAT = dwarf;
				ENABLE_STRICT_OBJC_MSGSEND = YES;
				ENABLE_TESTABILITY = YES;
				GCC_C_LANGUAGE_STANDARD = gnu11;
				GCC_DYNAMIC_NO_PIC = NO;
				GCC_NO_COMMON_BLOCKS = YES;
				GCC_OPTIMIZATION_LEVEL = 0;
				GCC_PREPROCESSOR_DEFINITIONS = (
					"DEBUG=1",
					"$(inherited)",
				);
				GCC_WARN_64_TO_32_BIT_CONVERSION = YES;
				GCC_WARN_ABOUT_RETURN_TYPE = YES_ERROR;
				GCC_WARN_UNDECLARED_SELECTOR = YES;
				GCC_WARN_UNINITIALIZED_AUTOS = YES_AGGRESSIVE;
				GCC_WARN_UNUSED_FUNCTION = YES;
				GCC_WARN_UNUSED_VARIABLE = YES;
				IPHONEOS_DEPLOYMENT_TARGET = 16.4;
				MTL_ENABLE_DEBUG_INFO = INCLUDE_SOURCE;
				MTL_FAST_MATH = YES;
				ONLY_ACTIVE_ARCH = YES;
				SDKROOT = iphoneos;
				SWIFT_ACTIVE_COMPILATION_CONDITIONS = DEBUG;
				SWIFT_OPTIMIZATION_LEVEL = "-Onone";
			};
			name = Debug;
		};
		9032649F2A60D71E00AC3E86 /* Release */ = {
			isa = XCBuildConfiguration;
			buildSettings = {
				ALWAYS_SEARCH_USER_PATHS = NO;
				CLANG_ANALYZER_NONNULL = YES;
				CLANG_ANALYZER_NUMBER_OBJECT_CONVERSION = YES_AGGRESSIVE;
				CLANG_CXX_LANGUAGE_STANDARD = "gnu++20";
				CLANG_ENABLE_MODULES = YES;
				CLANG_ENABLE_OBJC_ARC = YES;
				CLANG_ENABLE_OBJC_WEAK = YES;
				CLANG_WARN_BLOCK_CAPTURE_AUTORELEASING = YES;
				CLANG_WARN_BOOL_CONVERSION = YES;
				CLANG_WARN_COMMA = YES;
				CLANG_WARN_CONSTANT_CONVERSION = YES;
				CLANG_WARN_DEPRECATED_OBJC_IMPLEMENTATIONS = YES;
				CLANG_WARN_DIRECT_OBJC_ISA_USAGE = YES_ERROR;
				CLANG_WARN_DOCUMENTATION_COMMENTS = YES;
				CLANG_WARN_EMPTY_BODY = YES;
				CLANG_WARN_ENUM_CONVERSION = YES;
				CLANG_WARN_INFINITE_RECURSION = YES;
				CLANG_WARN_INT_CONVERSION = YES;
				CLANG_WARN_NON_LITERAL_NULL_CONVERSION = YES;
				CLANG_WARN_OBJC_IMPLICIT_RETAIN_SELF = YES;
				CLANG_WARN_OBJC_LITERAL_CONVERSION = YES;
				CLANG_WARN_OBJC_ROOT_CLASS = YES_ERROR;
				CLANG_WARN_QUOTED_INCLUDE_IN_FRAMEWORK_HEADER = YES;
				CLANG_WARN_RANGE_LOOP_ANALYSIS = YES;
				CLANG_WARN_STRICT_PROTOTYPES = YES;
				CLANG_WARN_SUSPICIOUS_MOVE = YES;
				CLANG_WARN_UNGUARDED_AVAILABILITY = YES_AGGRESSIVE;
				CLANG_WARN_UNREACHABLE_CODE = YES;
				CLANG_WARN__DUPLICATE_METHOD_MATCH = YES;
				COPY_PHASE_STRIP = NO;
				DEBUG_INFORMATION_FORMAT = "dwarf-with-dsym";
				ENABLE_NS_ASSERTIONS = NO;
				ENABLE_STRICT_OBJC_MSGSEND = YES;
				GCC_C_LANGUAGE_STANDARD = gnu11;
				GCC_NO_COMMON_BLOCKS = YES;
				GCC_WARN_64_TO_32_BIT_CONVERSION = YES;
				GCC_WARN_ABOUT_RETURN_TYPE = YES_ERROR;
				GCC_WARN_UNDECLARED_SELECTOR = YES;
				GCC_WARN_UNINITIALIZED_AUTOS = YES_AGGRESSIVE;
				GCC_WARN_UNUSED_FUNCTION = YES;
				GCC_WARN_UNUSED_VARIABLE = YES;
				IPHONEOS_DEPLOYMENT_TARGET = 16.4;
				MTL_ENABLE_DEBUG_INFO = NO;
				MTL_FAST_MATH = YES;
				SDKROOT = iphoneos;
				SWIFT_COMPILATION_MODE = wholemodule;
				SWIFT_OPTIMIZATION_LEVEL = "-O";
				VALIDATE_PRODUCT = YES;
			};
			name = Release;
		};
		903264A12A60D71E00AC3E86 /* Debug */ = {
			isa = XCBuildConfiguration;
			buildSettings = {
				ASSETCATALOG_COMPILER_APPICON_NAME = AppIcon;
				ASSETCATALOG_COMPILER_GLOBAL_ACCENT_COLOR_NAME = AccentColor;
				CODE_SIGN_STYLE = Automatic;
				CURRENT_PROJECT_VERSION = 1;
				ENABLE_PREVIEWS = YES;
				GENERATE_INFOPLIST_FILE = YES;
				INFOPLIST_FILE = "Dieary-iOS/Info.plist";
				INFOPLIST_KEY_UIApplicationSceneManifest_Generation = YES;
				INFOPLIST_KEY_UIApplicationSupportsIndirectInputEvents = YES;
				INFOPLIST_KEY_UILaunchScreen_Generation = YES;
				INFOPLIST_KEY_UISupportedInterfaceOrientations_iPad = "UIInterfaceOrientationPortrait UIInterfaceOrientationPortraitUpsideDown UIInterfaceOrientationLandscapeLeft UIInterfaceOrientationLandscapeRight";
				INFOPLIST_KEY_UISupportedInterfaceOrientations_iPhone = "UIInterfaceOrientationPortrait UIInterfaceOrientationLandscapeLeft UIInterfaceOrientationLandscapeRight";
				LD_RUNPATH_SEARCH_PATHS = (
					"$(inherited)",
					"@executable_path/Frameworks",
				);
				MARKETING_VERSION = 1.0;
				PRODUCT_BUNDLE_IDENTIFIER = "com.Dieary-iOS";
				PRODUCT_NAME = "$(TARGET_NAME)";
				SWIFT_EMIT_LOC_STRINGS = YES;
				SWIFT_VERSION = 5.0;
				TARGETED_DEVICE_FAMILY = "1,2";
			};
			name = Debug;
		};
		903264A22A60D71E00AC3E86 /* Release */ = {
			isa = XCBuildConfiguration;
			buildSettings = {
				ASSETCATALOG_COMPILER_APPICON_NAME = AppIcon;
				ASSETCATALOG_COMPILER_GLOBAL_ACCENT_COLOR_NAME = AccentColor;
				CODE_SIGN_STYLE = Automatic;
				CURRENT_PROJECT_VERSION = 1;
				ENABLE_PREVIEWS = YES;
				GENERATE_INFOPLIST_FILE = YES;
				INFOPLIST_FILE = "Dieary-iOS/Info.plist";
				INFOPLIST_KEY_UIApplicationSceneManifest_Generation = YES;
				INFOPLIST_KEY_UIApplicationSupportsIndirectInputEvents = YES;
				INFOPLIST_KEY_UILaunchScreen_Generation = YES;
				INFOPLIST_KEY_UISupportedInterfaceOrientations_iPad = "UIInterfaceOrientationPortrait UIInterfaceOrientationPortraitUpsideDown UIInterfaceOrientationLandscapeLeft UIInterfaceOrientationLandscapeRight";
				INFOPLIST_KEY_UISupportedInterfaceOrientations_iPhone = "UIInterfaceOrientationPortrait UIInterfaceOrientationLandscapeLeft UIInterfaceOrientationLandscapeRight";
				LD_RUNPATH_SEARCH_PATHS = (
					"$(inherited)",
					"@executable_path/Frameworks",
				);
				MARKETING_VERSION = 1.0;
				PRODUCT_BUNDLE_IDENTIFIER = "com.Dieary-iOS";
				PRODUCT_NAME = "$(TARGET_NAME)";
				SWIFT_EMIT_LOC_STRINGS = YES;
				SWIFT_VERSION = 5.0;
				TARGETED_DEVICE_FAMILY = "1,2";
			};
			name = Release;
		};
/* End XCBuildConfiguration section */

/* Begin XCConfigurationList section */
		9032648D2A60D71D00AC3E86 /* Build configuration list for PBXProject "Dieary-iOS" */ = {
			isa = XCConfigurationList;
			buildConfigurations = (
				9032649E2A60D71E00AC3E86 /* Debug */,
				9032649F2A60D71E00AC3E86 /* Release */,
			);
			defaultConfigurationIsVisible = 0;
			defaultConfigurationName = Release;
		};
		903264A02A60D71E00AC3E86 /* Build configuration list for PBXNativeTarget "Dieary-iOS" */ = {
			isa = XCConfigurationList;
			buildConfigurations = (
				903264A12A60D71E00AC3E86 /* Debug */,
				903264A22A60D71E00AC3E86 /* Release */,
			);
			defaultConfigurationIsVisible = 0;
			defaultConfigurationName = Release;
		};
/* End XCConfigurationList section */
	};
	rootObject = 9032648A2A60D71D00AC3E86 /* Project object */;
}
